
Microsoft Visual Studio Solution File, Format Version 12.00
# Visual Studio Version 16
VisualStudioVersion = 16.0.29806.167
MinimumVisualStudioVersion = 10.0.40219.1
Project("{FAE04EC0-301F-11D3-BF4B-00C04F79EFBC}") = "FileBeam", "FileBeam\FileBeam.csproj", "{A946AAA6-B980-4093-AB0F-34BAFF8DDB56}"
EndProject
Project("{9A19103F-16F7-4668-BE54-9A1E7A4F7556}") = "IPAddressRange", "IPAddressRange\IPAddressRange.csproj", "{D392F50B-66BA-48D1-A7D1-A0AF8F826798}"
EndProject
Global
	GlobalSection(SolutionConfigurationPlatforms) = preSolution
		Debug|Any CPU = Debug|Any CPU
		Release|Any CPU = Release|Any CPU
	EndGlobalSection
	GlobalSection(ProjectConfigurationPlatforms) = postSolution
		{A946AAA6-B980-4093-AB0F-34BAFF8DDB56}.Debug|Any CPU.ActiveCfg = Debug|Any CPU
		{A946AAA6-B980-4093-AB0F-34BAFF8DDB56}.Debug|Any CPU.Build.0 = Debug|Any CPU
		{A946AAA6-B980-4093-AB0F-34BAFF8DDB56}.Release|Any CPU.ActiveCfg = Release|Any CPU
		{A946AAA6-B980-4093-AB0F-34BAFF8DDB56}.Release|Any CPU.Build.0 = Release|Any CPU
		{D392F50B-66BA-48D1-A7D1-A0AF8F826798}.Debug|Any CPU.ActiveCfg = Debug|Any CPU
		{D392F50B-66BA-48D1-A7D1-A0AF8F826798}.Debug|Any CPU.Build.0 = Debug|Any CPU
		{D392F50B-66BA-48D1-A7D1-A0AF8F826798}.Release|Any CPU.ActiveCfg = Release|Any CPU
		{D392F50B-66BA-48D1-A7D1-A0AF8F826798}.Release|Any CPU.Build.0 = Release|Any CPU
	EndGlobalSection
	GlobalSection(SolutionProperties) = preSolution
		HideSolutionNode = FALSE
	EndGlobalSection
	GlobalSection(ExtensibilityGlobals) = postSolution
		SolutionGuid = {7B55D507-7999-4A2B-BBFB-C369E5D3A351}
	EndGlobalSection
EndGlobal
